<?xml version="1.0" encoding="utf-8"?>
<Project ToolsVersion="4.0" xmlns="http://schemas.microsoft.com/developer/msbuild/2003">
  <ItemGroup>
    <Filter Include="Common">
      <UniqueIdentifier>{36b23be5-7c73-4f69-9e80-f6e59af717a0}</UniqueIdentifier>
    </Filter>
    <Filter Include="Common\Math">
      <UniqueIdentifier>{59cedae7-c914-4a22-bf34-4de4c9ee24d0}</UniqueIdentifier>
    </Filter>
    <Filter Include="Graphics">
      <UniqueIdentifier>{0c0a16c5-005e-49ed-b6b0-8b4449e02875}</UniqueIdentifier>
    </Filter>
    <Filter Include="High Level Interface">
      <UniqueIdentifier>{032d2923-7617-4b4b-889b-838dbadcf9da}</UniqueIdentifier>
    </Filter>
    <Filter Include="Time">
      <UniqueIdentifier>{aaef08a7-7407-4bad-95c5-d2da85ffafd5}</UniqueIdentifier>
    </Filter>
    <Filter Include="Input">
      <UniqueIdentifier>{d3cacde1-7131-4918-afb5-07aa0b324314}</UniqueIdentifier>
    </Filter>
    <Filter Include="Component">
      <UniqueIdentifier>{d8d398e7-c3d0-4cb7-996c-da92058106a0}</UniqueIdentifier>
    </Filter>
    <Filter Include="GameObject">
      <UniqueIdentifier>{120683fe-932f-438d-934f-527d73e812f4}</UniqueIdentifier>
    </Filter>
    <Filter Include="Renderer">
      <UniqueIdentifier>{992a0eaa-65f1-421e-9fc6-1ebdc53b67f3}</UniqueIdentifier>
    </Filter>
    <Filter Include="Resource">
      <UniqueIdentifier>{7befa516-aa3d-4b0c-a283-7800861d6519}</UniqueIdentifier>
    </Filter>
    <Filter Include="Resource\Manager">
      <UniqueIdentifier>{806ef216-0be7-4967-bbee-5d6ecdfea8c8}</UniqueIdentifier>
    </Filter>
    <Filter Include="Resource\Material">
      <UniqueIdentifier>{f2224ba5-9377-4c3c-a389-9a83b63e5eca}</UniqueIdentifier>
    </Filter>
    <Filter Include="Resource\Mesh">
      <UniqueIdentifier>{36fd81fc-0778-4b8d-9ed9-01a2077bf5a3}</UniqueIdentifier>
    </Filter>
    <Filter Include="Resource\Shader">
      <UniqueIdentifier>{8760bbbe-fc55-4634-8d9f-7e2c7ef3b336}</UniqueIdentifier>
    </Filter>
    <Filter Include="Scene">
      <UniqueIdentifier>{e75149ef-6e86-4595-be87-56ec1c49cb80}</UniqueIdentifier>
    </Filter>
    <Filter Include="ConstantBuffer">
      <UniqueIdentifier>{ac12c3e1-cef9-4885-b1c3-5234a3fbaecd}</UniqueIdentifier>
    </Filter>
    <Filter Include="Resource\Texture">
      <UniqueIdentifier>{7639d374-3b8c-485a-9669-0badd8659799}</UniqueIdentifier>
    </Filter>
  </ItemGroup>
  <ItemGroup>
    <ClInclude Include="syMath.h">
      <Filter>Common\Math</Filter>
    </ClInclude>
    <ClInclude Include="syEntity.h">
      <Filter>Common</Filter>
    </ClInclude>
    <ClInclude Include="CommonInclude.h">
      <Filter>Common</Filter>
    </ClInclude>
    <ClInclude Include="syEnums.h">
      <Filter>Common</Filter>
    </ClInclude>
    <ClInclude Include="syEngine.h">
      <Filter>Common</Filter>
    </ClInclude>
    <ClInclude Include="syGraphicDevice_DX11.h">
      <Filter>Graphics</Filter>
    </ClInclude>
    <ClInclude Include="syGraphics.h">
      <Filter>Graphics</Filter>
    </ClInclude>
    <ClInclude Include="syApplication.h">
      <Filter>High Level Interface</Filter>
    </ClInclude>
    <ClInclude Include="syTime.h">
      <Filter>Time</Filter>
    </ClInclude>
    <ClInclude Include="syInput.h">
      <Filter>Input</Filter>
    </ClInclude>
    <ClInclude Include="syComponent.h">
      <Filter>Component</Filter>
    </ClInclude>
    <ClInclude Include="syGameObject.h">
      <Filter>GameObject</Filter>
    </ClInclude>
    <ClInclude Include="syTransform.h">
      <Filter>Component</Filter>
    </ClInclude>
    <ClInclude Include="syRenderer.h">
      <Filter>Renderer</Filter>
    </ClInclude>
    <ClInclude Include="syResource.h">
      <Filter>Resource</Filter>
    </ClInclude>
    <ClInclude Include="syMesh.h">
      <Filter>Resource\Mesh</Filter>
    </ClInclude>
    <ClInclude Include="syShader.h">
      <Filter>Resource\Shader</Filter>
    </ClInclude>
    <ClInclude Include="syMaterial.h">
      <Filter>Resource\Material</Filter>
    </ClInclude>
    <ClInclude Include="syResources.h">
      <Filter>Resource\Manager</Filter>
    </ClInclude>
    <ClInclude Include="syLayer.h">
      <Filter>Scene</Filter>
    </ClInclude>
    <ClInclude Include="syScene.h">
      <Filter>Scene</Filter>
    </ClInclude>
    <ClInclude Include="sySceneManager.h">
      <Filter>Scene</Filter>
    </ClInclude>
    <ClInclude Include="syConstantBuffer.h">
      <Filter>ConstantBuffer</Filter>
    </ClInclude>
    <ClInclude Include="syMeshRenderer.h">
      <Filter>Component</Filter>
    </ClInclude>
    <ClInclude Include="syTexture.h">
      <Filter>Resource\Texture</Filter>
    </ClInclude>
  </ItemGroup>
  <ItemGroup>
    <ClCompile Include="syMath.cpp">
      <Filter>Common\Math</Filter>
    </ClCompile>
    <ClCompile Include="syEntity.cpp">
      <Filter>Common</Filter>
    </ClCompile>
    <ClCompile Include="syGraphicDevice_DX11.cpp">
      <Filter>Graphics</Filter>
    </ClCompile>
    <ClCompile Include="syApplication.cpp">
      <Filter>High Level Interface</Filter>
    </ClCompile>
    <ClCompile Include="syTime.cpp">
      <Filter>Time</Filter>
    </ClCompile>
    <ClCompile Include="syInput.cpp">
      <Filter>Input</Filter>
    </ClCompile>
    <ClCompile Include="syComponent.cpp">
      <Filter>Component</Filter>
    </ClCompile>
    <ClCompile Include="syGameObject.cpp">
      <Filter>GameObject</Filter>
    </ClCompile>
    <ClCompile Include="syTransform.cpp">
      <Filter>Component</Filter>
    </ClCompile>
    <ClCompile Include="syRenderer.cpp">
      <Filter>Renderer</Filter>
    </ClCompile>
    <ClCompile Include="syResource.cpp">
      <Filter>Resource</Filter>
    </ClCompile>
    <ClCompile Include="syMesh.cpp">
      <Filter>Resource\Mesh</Filter>
    </ClCompile>
    <ClCompile Include="syShader.cpp">
      <Filter>Resource\Shader</Filter>
    </ClCompile>
    <ClCompile Include="syMaterial.cpp">
      <Filter>Resource\Material</Filter>
    </ClCompile>
    <ClCompile Include="syResources.cpp">
      <Filter>Resource\Manager</Filter>
    </ClCompile>
    <ClCompile Include="syLayer.cpp">
      <Filter>Scene</Filter>
    </ClCompile>
    <ClCompile Include="syScene.cpp">
      <Filter>Scene</Filter>
    </ClCompile>
    <ClCompile Include="sySceneManager.cpp">
      <Filter>Scene</Filter>
    </ClCompile>
    <ClCompile Include="syConstantBuffer.cpp">
      <Filter>ConstantBuffer</Filter>
    </ClCompile>
    <ClCompile Include="syMeshRenderer.cpp">
      <Filter>Component</Filter>
    </ClCompile>
    <ClCompile Include="syTexture.cpp">
      <Filter>Resource\Texture</Filter>
    </ClCompile>
  </ItemGroup>
  <ItemGroup>
    <None Include="syMath.inl">
      <Filter>Common\Math</Filter>
    </None>
  </ItemGroup>
</Project>